// !$*UTF8*$!
{
    archiveVersion = 1;
    classes = {
    };
    objectVersion = 46;
    objects = {

/* Begin PBXAggregateTarget section */
		D2D67164D2D6811E00000006 /* ca-crt */ = {
			isa = PBXAggregateTarget;
			buildConfigurationList = D2D67164D2D6811E00000005 /* Build configuration list for PBXAggregateTarget "ca-crt" */;
			buildPhases = (
				D2D67164D2D6811E00000007,
			);
			dependencies = (
				D2D67164D2D6811E00000008 /* PBXTargetDependency Prep */,
			);
			name = ca-crt;
			productName = ca-crt;
		};
		D2D67164D2D6811E0000000A /* ejs.mod */ = {
			isa = PBXAggregateTarget;
			buildConfigurationList = D2D67164D2D6811E00000009 /* Build configuration list for PBXAggregateTarget "ejs.mod" */;
			buildPhases = (
				D2D67164D2D6811E0000000B,
			);
			dependencies = (
				D2D67164D2D6811E0000000C /* PBXTargetDependency ejsc */,
				D2D67164D2D6811E0000000D /* PBXTargetDependency Prep */,
			);
			name = ejs.mod;
			productName = ejs.mod;
		};
		D2D67164D2D6811E0000000F /* pak.mod */ = {
			isa = PBXAggregateTarget;
			buildConfigurationList = D2D67164D2D6811E0000000E /* Build configuration list for PBXAggregateTarget "pak.mod" */;
			buildPhases = (
				D2D67164D2D6811E00000010,
			);
			dependencies = (
				D2D67164D2D6811E00000011 /* PBXTargetDependency ejsc */,
				D2D67164D2D6811E00000012 /* PBXTargetDependency Prep */,
			);
			name = pak.mod;
			productName = pak.mod;
		};
		D2D67164D2D6811E00000014 /* All */ = {
			isa = PBXAggregateTarget;
			buildConfigurationList = D2D67164D2D6811E00000013 /* Build configuration list for PBXAggregateTarget "All" */;
			buildPhases = (
				
			);
			dependencies = (
				D2D67164D2D6811E00000015 /* PBXTargetDependency ca-crt */,
				D2D67164D2D6811E00000016 /* PBXTargetDependency ejs.mod */,
				D2D67164D2D6811E00000017 /* PBXTargetDependency ejsc */,
				D2D67164D2D6811E00000018 /* PBXTargetDependency libejs */,
				D2D67164D2D6811E00000019 /* PBXTargetDependency libest */,
				D2D67164D2D6811E0000001A /* PBXTargetDependency libhttp */,
				D2D67164D2D6811E0000001B /* PBXTargetDependency libmpr */,
				D2D67164D2D6811E0000001C /* PBXTargetDependency libmprssl */,
				D2D67164D2D6811E0000001D /* PBXTargetDependency libpcre */,
				D2D67164D2D6811E0000001E /* PBXTargetDependency libzlib */,
				D2D67164D2D6811E0000001F /* PBXTargetDependency pak */,
				D2D67164D2D6811E00000020 /* PBXTargetDependency pak.mod */,
			);
			name = All;
			productName = All;
		};
		D2D67164D2D6811E00000022 /* Prep */ = {
			isa = PBXAggregateTarget;
			buildConfigurationList = D2D67164D2D6811E00000021 /* Build configuration list for PBXAggregateTarget "Prep" */;
			buildPhases = (
				D2D67164D2D6811E00000023,
			);
			dependencies = (
			);
			name = Prep;
			productName = Prep;
		};
/* End PBXAggregateTarget section */

/* Begin PBXBuildFile section */
		D2D67164D2D6811E00000024 /* ejsc.c in Sources */ = {isa = PBXBuildFile; fileRef = D2D67164D2D6811E00000025 /* ejsc.c */; };
		D2D67164D2D6811E00000026 /* ejsLib.c in Sources */ = {isa = PBXBuildFile; fileRef = D2D67164D2D6811E00000027 /* ejsLib.c */; };
		D2D67164D2D6811E00000028 /* estLib.c in Sources */ = {isa = PBXBuildFile; fileRef = D2D67164D2D6811E00000029 /* estLib.c */; };
		D2D67164D2D6811E0000002A /* httpLib.c in Sources */ = {isa = PBXBuildFile; fileRef = D2D67164D2D6811E0000002B /* httpLib.c */; };
		D2D67164D2D6811E0000002C /* mprLib.c in Sources */ = {isa = PBXBuildFile; fileRef = D2D67164D2D6811E0000002D /* mprLib.c */; };
		D2D67164D2D6811E0000002E /* mprSsl.c in Sources */ = {isa = PBXBuildFile; fileRef = D2D67164D2D6811E0000002F /* mprSsl.c */; };
		D2D67164D2D6811E00000030 /* pcre.c in Sources */ = {isa = PBXBuildFile; fileRef = D2D67164D2D6811E00000031 /* pcre.c */; };
		D2D67164D2D6811E00000032 /* zlib.c in Sources */ = {isa = PBXBuildFile; fileRef = D2D67164D2D6811E00000033 /* zlib.c */; };
		D2D67164D2D6811E00000034 /* pak.c in Sources */ = {isa = PBXBuildFile; fileRef = D2D67164D2D6811E00000035 /* pak.c */; };
		D2D67164D2D6811E00000036 /* libejs.dylib for ejsc */ = {isa = PBXBuildFile; fileRef = D2D67164D2D6811E00000037; };
		D2D67164D2D6811E00000038 /* libhttp.dylib for ejsc */ = {isa = PBXBuildFile; fileRef = D2D67164D2D6811E00000039; };
		D2D67164D2D6811E0000003A /* libmpr.dylib for ejsc */ = {isa = PBXBuildFile; fileRef = D2D67164D2D6811E0000003B; };
		D2D67164D2D6811E0000003C /* libpcre.dylib for ejsc */ = {isa = PBXBuildFile; fileRef = D2D67164D2D6811E0000003D; };
		D2D67164D2D6811E0000003E /* libzlib.dylib for ejsc */ = {isa = PBXBuildFile; fileRef = D2D67164D2D6811E0000003F; };
		D2D67164D2D6811E00000040 /* libhttp.dylib for libejs */ = {isa = PBXBuildFile; fileRef = D2D67164D2D6811E00000039; };
		D2D67164D2D6811E00000041 /* libmpr.dylib for libejs */ = {isa = PBXBuildFile; fileRef = D2D67164D2D6811E0000003B; };
		D2D67164D2D6811E00000042 /* libpcre.dylib for libejs */ = {isa = PBXBuildFile; fileRef = D2D67164D2D6811E0000003D; };
		D2D67164D2D6811E00000043 /* libzlib.dylib for libejs */ = {isa = PBXBuildFile; fileRef = D2D67164D2D6811E0000003F; };
		D2D67164D2D6811E00000044 /* libmpr.dylib for libhttp */ = {isa = PBXBuildFile; fileRef = D2D67164D2D6811E0000003B; };
		D2D67164D2D6811E00000045 /* libpcre.dylib for libhttp */ = {isa = PBXBuildFile; fileRef = D2D67164D2D6811E0000003D; };
		D2D67164D2D6811E00000046 /* libmpr.dylib for libmprssl */ = {isa = PBXBuildFile; fileRef = D2D67164D2D6811E0000003B; };
		D2D67164D2D6811E00000047 /* libest.dylib for libmprssl */ = {isa = PBXBuildFile; fileRef = D2D67164D2D6811E00000048; };
		D2D67164D2D6811E00000049 /* libejs.dylib for pak */ = {isa = PBXBuildFile; fileRef = D2D67164D2D6811E00000037; };
		D2D67164D2D6811E0000004A /* libhttp.dylib for pak */ = {isa = PBXBuildFile; fileRef = D2D67164D2D6811E00000039; };
		D2D67164D2D6811E0000004B /* libmpr.dylib for pak */ = {isa = PBXBuildFile; fileRef = D2D67164D2D6811E0000003B; };
		D2D67164D2D6811E0000004C /* libpcre.dylib for pak */ = {isa = PBXBuildFile; fileRef = D2D67164D2D6811E0000003D; };
		D2D67164D2D6811E0000004D /* libzlib.dylib for pak */ = {isa = PBXBuildFile; fileRef = D2D67164D2D6811E0000003F; };
/* End PBXBuildFile section */

/* Begin PBXContainerItemProxy section */
		D2D67164D2D6811E0000004E /* PBXContainerItemProxy Prep from ca-crt */ = {
			isa = PBXContainerItemProxy;
			containerPortal = D2D67164D2D6811E00000001 /* Project object */;
			proxyType = 1;
			remoteGlobalIDString = D2D67164D2D6811E00000022;
			remoteInfo = Prep;
		};
		D2D67164D2D6811E0000004F /* PBXContainerItemProxy Prep from ejs.mod */ = {
			isa = PBXContainerItemProxy;
			containerPortal = D2D67164D2D6811E00000001 /* Project object */;
			proxyType = 1;
			remoteGlobalIDString = D2D67164D2D6811E00000022;
			remoteInfo = Prep;
		};
		D2D67164D2D6811E00000050 /* PBXContainerItemProxy libmpr from ejs.mod */ = {
			isa = PBXContainerItemProxy;
			containerPortal = D2D67164D2D6811E00000001 /* Project object */;
			proxyType = 1;
			remoteGlobalIDString = D2D67164D2D6811E00000051;
			remoteInfo = libmpr;
		};
		D2D67164D2D6811E00000052 /* PBXContainerItemProxy libpcre from ejs.mod */ = {
			isa = PBXContainerItemProxy;
			containerPortal = D2D67164D2D6811E00000001 /* Project object */;
			proxyType = 1;
			remoteGlobalIDString = D2D67164D2D6811E00000053;
			remoteInfo = libpcre;
		};
		D2D67164D2D6811E00000054 /* PBXContainerItemProxy libhttp from ejs.mod */ = {
			isa = PBXContainerItemProxy;
			containerPortal = D2D67164D2D6811E00000001 /* Project object */;
			proxyType = 1;
			remoteGlobalIDString = D2D67164D2D6811E00000055;
			remoteInfo = libhttp;
		};
		D2D67164D2D6811E00000056 /* PBXContainerItemProxy libzlib from ejs.mod */ = {
			isa = PBXContainerItemProxy;
			containerPortal = D2D67164D2D6811E00000001 /* Project object */;
			proxyType = 1;
			remoteGlobalIDString = D2D67164D2D6811E00000057;
			remoteInfo = libzlib;
		};
		D2D67164D2D6811E00000058 /* PBXContainerItemProxy libejs from ejs.mod */ = {
			isa = PBXContainerItemProxy;
			containerPortal = D2D67164D2D6811E00000001 /* Project object */;
			proxyType = 1;
			remoteGlobalIDString = D2D67164D2D6811E00000059;
			remoteInfo = libejs;
		};
		D2D67164D2D6811E0000005A /* PBXContainerItemProxy ejsc from ejs.mod */ = {
			isa = PBXContainerItemProxy;
			containerPortal = D2D67164D2D6811E00000001 /* Project object */;
			proxyType = 1;
			remoteGlobalIDString = D2D67164D2D6811E0000005B;
			remoteInfo = ejsc;
		};
		D2D67164D2D6811E0000005C /* PBXContainerItemProxy Prep from ejsc */ = {
			isa = PBXContainerItemProxy;
			containerPortal = D2D67164D2D6811E00000001 /* Project object */;
			proxyType = 1;
			remoteGlobalIDString = D2D67164D2D6811E00000022;
			remoteInfo = Prep;
		};
		D2D67164D2D6811E0000005D /* PBXContainerItemProxy libmpr from ejsc */ = {
			isa = PBXContainerItemProxy;
			containerPortal = D2D67164D2D6811E00000001 /* Project object */;
			proxyType = 1;
			remoteGlobalIDString = D2D67164D2D6811E00000051;
			remoteInfo = libmpr;
		};
		D2D67164D2D6811E0000005E /* PBXContainerItemProxy libpcre from ejsc */ = {
			isa = PBXContainerItemProxy;
			containerPortal = D2D67164D2D6811E00000001 /* Project object */;
			proxyType = 1;
			remoteGlobalIDString = D2D67164D2D6811E00000053;
			remoteInfo = libpcre;
		};
		D2D67164D2D6811E0000005F /* PBXContainerItemProxy libhttp from ejsc */ = {
			isa = PBXContainerItemProxy;
			containerPortal = D2D67164D2D6811E00000001 /* Project object */;
			proxyType = 1;
			remoteGlobalIDString = D2D67164D2D6811E00000055;
			remoteInfo = libhttp;
		};
		D2D67164D2D6811E00000060 /* PBXContainerItemProxy libzlib from ejsc */ = {
			isa = PBXContainerItemProxy;
			containerPortal = D2D67164D2D6811E00000001 /* Project object */;
			proxyType = 1;
			remoteGlobalIDString = D2D67164D2D6811E00000057;
			remoteInfo = libzlib;
		};
		D2D67164D2D6811E00000061 /* PBXContainerItemProxy libejs from ejsc */ = {
			isa = PBXContainerItemProxy;
			containerPortal = D2D67164D2D6811E00000001 /* Project object */;
			proxyType = 1;
			remoteGlobalIDString = D2D67164D2D6811E00000059;
			remoteInfo = libejs;
		};
		D2D67164D2D6811E00000062 /* PBXContainerItemProxy Prep from libejs */ = {
			isa = PBXContainerItemProxy;
			containerPortal = D2D67164D2D6811E00000001 /* Project object */;
			proxyType = 1;
			remoteGlobalIDString = D2D67164D2D6811E00000022;
			remoteInfo = Prep;
		};
		D2D67164D2D6811E00000063 /* PBXContainerItemProxy libmpr from libejs */ = {
			isa = PBXContainerItemProxy;
			containerPortal = D2D67164D2D6811E00000001 /* Project object */;
			proxyType = 1;
			remoteGlobalIDString = D2D67164D2D6811E00000051;
			remoteInfo = libmpr;
		};
		D2D67164D2D6811E00000064 /* PBXContainerItemProxy libpcre from libejs */ = {
			isa = PBXContainerItemProxy;
			containerPortal = D2D67164D2D6811E00000001 /* Project object */;
			proxyType = 1;
			remoteGlobalIDString = D2D67164D2D6811E00000053;
			remoteInfo = libpcre;
		};
		D2D67164D2D6811E00000065 /* PBXContainerItemProxy libhttp from libejs */ = {
			isa = PBXContainerItemProxy;
			containerPortal = D2D67164D2D6811E00000001 /* Project object */;
			proxyType = 1;
			remoteGlobalIDString = D2D67164D2D6811E00000055;
			remoteInfo = libhttp;
		};
		D2D67164D2D6811E00000066 /* PBXContainerItemProxy libzlib from libejs */ = {
			isa = PBXContainerItemProxy;
			containerPortal = D2D67164D2D6811E00000001 /* Project object */;
			proxyType = 1;
			remoteGlobalIDString = D2D67164D2D6811E00000057;
			remoteInfo = libzlib;
		};
		D2D67164D2D6811E00000067 /* PBXContainerItemProxy Prep from libest */ = {
			isa = PBXContainerItemProxy;
			containerPortal = D2D67164D2D6811E00000001 /* Project object */;
			proxyType = 1;
			remoteGlobalIDString = D2D67164D2D6811E00000022;
			remoteInfo = Prep;
		};
		D2D67164D2D6811E00000068 /* PBXContainerItemProxy Prep from libhttp */ = {
			isa = PBXContainerItemProxy;
			containerPortal = D2D67164D2D6811E00000001 /* Project object */;
			proxyType = 1;
			remoteGlobalIDString = D2D67164D2D6811E00000022;
			remoteInfo = Prep;
		};
		D2D67164D2D6811E00000069 /* PBXContainerItemProxy libmpr from libhttp */ = {
			isa = PBXContainerItemProxy;
			containerPortal = D2D67164D2D6811E00000001 /* Project object */;
			proxyType = 1;
			remoteGlobalIDString = D2D67164D2D6811E00000051;
			remoteInfo = libmpr;
		};
		D2D67164D2D6811E0000006A /* PBXContainerItemProxy libpcre from libhttp */ = {
			isa = PBXContainerItemProxy;
			containerPortal = D2D67164D2D6811E00000001 /* Project object */;
			proxyType = 1;
			remoteGlobalIDString = D2D67164D2D6811E00000053;
			remoteInfo = libpcre;
		};
		D2D67164D2D6811E0000006B /* PBXContainerItemProxy Prep from libmpr */ = {
			isa = PBXContainerItemProxy;
			containerPortal = D2D67164D2D6811E00000001 /* Project object */;
			proxyType = 1;
			remoteGlobalIDString = D2D67164D2D6811E00000022;
			remoteInfo = Prep;
		};
		D2D67164D2D6811E0000006C /* PBXContainerItemProxy Prep from libmprssl */ = {
			isa = PBXContainerItemProxy;
			containerPortal = D2D67164D2D6811E00000001 /* Project object */;
			proxyType = 1;
			remoteGlobalIDString = D2D67164D2D6811E00000022;
			remoteInfo = Prep;
		};
		D2D67164D2D6811E0000006D /* PBXContainerItemProxy libmpr from libmprssl */ = {
			isa = PBXContainerItemProxy;
			containerPortal = D2D67164D2D6811E00000001 /* Project object */;
			proxyType = 1;
			remoteGlobalIDString = D2D67164D2D6811E00000051;
			remoteInfo = libmpr;
		};
		D2D67164D2D6811E0000006E /* PBXContainerItemProxy Prep from libpcre */ = {
			isa = PBXContainerItemProxy;
			containerPortal = D2D67164D2D6811E00000001 /* Project object */;
			proxyType = 1;
			remoteGlobalIDString = D2D67164D2D6811E00000022;
			remoteInfo = Prep;
		};
		D2D67164D2D6811E0000006F /* PBXContainerItemProxy Prep from libzlib */ = {
			isa = PBXContainerItemProxy;
			containerPortal = D2D67164D2D6811E00000001 /* Project object */;
			proxyType = 1;
			remoteGlobalIDString = D2D67164D2D6811E00000022;
			remoteInfo = Prep;
		};
		D2D67164D2D6811E00000070 /* PBXContainerItemProxy Prep from pak */ = {
			isa = PBXContainerItemProxy;
			containerPortal = D2D67164D2D6811E00000001 /* Project object */;
			proxyType = 1;
			remoteGlobalIDString = D2D67164D2D6811E00000022;
			remoteInfo = Prep;
		};
		D2D67164D2D6811E00000071 /* PBXContainerItemProxy libmpr from pak */ = {
			isa = PBXContainerItemProxy;
			containerPortal = D2D67164D2D6811E00000001 /* Project object */;
			proxyType = 1;
			remoteGlobalIDString = D2D67164D2D6811E00000051;
			remoteInfo = libmpr;
		};
		D2D67164D2D6811E00000072 /* PBXContainerItemProxy libpcre from pak */ = {
			isa = PBXContainerItemProxy;
			containerPortal = D2D67164D2D6811E00000001 /* Project object */;
			proxyType = 1;
			remoteGlobalIDString = D2D67164D2D6811E00000053;
			remoteInfo = libpcre;
		};
		D2D67164D2D6811E00000073 /* PBXContainerItemProxy libhttp from pak */ = {
			isa = PBXContainerItemProxy;
			containerPortal = D2D67164D2D6811E00000001 /* Project object */;
			proxyType = 1;
			remoteGlobalIDString = D2D67164D2D6811E00000055;
			remoteInfo = libhttp;
		};
		D2D67164D2D6811E00000074 /* PBXContainerItemProxy libzlib from pak */ = {
			isa = PBXContainerItemProxy;
			containerPortal = D2D67164D2D6811E00000001 /* Project object */;
			proxyType = 1;
			remoteGlobalIDString = D2D67164D2D6811E00000057;
			remoteInfo = libzlib;
		};
		D2D67164D2D6811E00000075 /* PBXContainerItemProxy libejs from pak */ = {
			isa = PBXContainerItemProxy;
			containerPortal = D2D67164D2D6811E00000001 /* Project object */;
			proxyType = 1;
			remoteGlobalIDString = D2D67164D2D6811E00000059;
			remoteInfo = libejs;
		};
		D2D67164D2D6811E00000076 /* PBXContainerItemProxy ejsc from pak */ = {
			isa = PBXContainerItemProxy;
			containerPortal = D2D67164D2D6811E00000001 /* Project object */;
			proxyType = 1;
			remoteGlobalIDString = D2D67164D2D6811E0000005B;
			remoteInfo = ejsc;
		};
		D2D67164D2D6811E00000077 /* PBXContainerItemProxy pak.mod from pak */ = {
			isa = PBXContainerItemProxy;
			containerPortal = D2D67164D2D6811E00000001 /* Project object */;
			proxyType = 1;
			remoteGlobalIDString = D2D67164D2D6811E0000000F;
			remoteInfo = pak.mod;
		};
		D2D67164D2D6811E00000078 /* PBXContainerItemProxy Prep from pak.mod */ = {
			isa = PBXContainerItemProxy;
			containerPortal = D2D67164D2D6811E00000001 /* Project object */;
			proxyType = 1;
			remoteGlobalIDString = D2D67164D2D6811E00000022;
			remoteInfo = Prep;
		};
		D2D67164D2D6811E00000079 /* PBXContainerItemProxy libmpr from pak.mod */ = {
			isa = PBXContainerItemProxy;
			containerPortal = D2D67164D2D6811E00000001 /* Project object */;
			proxyType = 1;
			remoteGlobalIDString = D2D67164D2D6811E00000051;
			remoteInfo = libmpr;
		};
		D2D67164D2D6811E0000007A /* PBXContainerItemProxy libpcre from pak.mod */ = {
			isa = PBXContainerItemProxy;
			containerPortal = D2D67164D2D6811E00000001 /* Project object */;
			proxyType = 1;
			remoteGlobalIDString = D2D67164D2D6811E00000053;
			remoteInfo = libpcre;
		};
		D2D67164D2D6811E0000007B /* PBXContainerItemProxy libhttp from pak.mod */ = {
			isa = PBXContainerItemProxy;
			containerPortal = D2D67164D2D6811E00000001 /* Project object */;
			proxyType = 1;
			remoteGlobalIDString = D2D67164D2D6811E00000055;
			remoteInfo = libhttp;
		};
		D2D67164D2D6811E0000007C /* PBXContainerItemProxy libzlib from pak.mod */ = {
			isa = PBXContainerItemProxy;
			containerPortal = D2D67164D2D6811E00000001 /* Project object */;
			proxyType = 1;
			remoteGlobalIDString = D2D67164D2D6811E00000057;
			remoteInfo = libzlib;
		};
		D2D67164D2D6811E0000007D /* PBXContainerItemProxy libejs from pak.mod */ = {
			isa = PBXContainerItemProxy;
			containerPortal = D2D67164D2D6811E00000001 /* Project object */;
			proxyType = 1;
			remoteGlobalIDString = D2D67164D2D6811E00000059;
			remoteInfo = libejs;
		};
		D2D67164D2D6811E0000007E /* PBXContainerItemProxy ejsc from pak.mod */ = {
			isa = PBXContainerItemProxy;
			containerPortal = D2D67164D2D6811E00000001 /* Project object */;
			proxyType = 1;
			remoteGlobalIDString = D2D67164D2D6811E0000005B;
			remoteInfo = ejsc;
		};
		D2D67164D2D6811E0000007F /* PBXContainerItemProxy Prep from All */ = {
			isa = PBXContainerItemProxy;
			containerPortal = D2D67164D2D6811E00000001 /* Project object */;
			proxyType = 1;
			remoteGlobalIDString = D2D67164D2D6811E00000022;
			remoteInfo = Prep;
		};
		D2D67164D2D6811E00000080 /* PBXContainerItemProxy ca-crt from All */ = {
			isa = PBXContainerItemProxy;
			containerPortal = D2D67164D2D6811E00000001 /* Project object */;
			proxyType = 1;
			remoteGlobalIDString = D2D67164D2D6811E00000006;
			remoteInfo = ca-crt;
		};
		D2D67164D2D6811E00000081 /* PBXContainerItemProxy libmpr from All */ = {
			isa = PBXContainerItemProxy;
			containerPortal = D2D67164D2D6811E00000001 /* Project object */;
			proxyType = 1;
			remoteGlobalIDString = D2D67164D2D6811E00000051;
			remoteInfo = libmpr;
		};
		D2D67164D2D6811E00000082 /* PBXContainerItemProxy libpcre from All */ = {
			isa = PBXContainerItemProxy;
			containerPortal = D2D67164D2D6811E00000001 /* Project object */;
			proxyType = 1;
			remoteGlobalIDString = D2D67164D2D6811E00000053;
			remoteInfo = libpcre;
		};
		D2D67164D2D6811E00000083 /* PBXContainerItemProxy libhttp from All */ = {
			isa = PBXContainerItemProxy;
			containerPortal = D2D67164D2D6811E00000001 /* Project object */;
			proxyType = 1;
			remoteGlobalIDString = D2D67164D2D6811E00000055;
			remoteInfo = libhttp;
		};
		D2D67164D2D6811E00000084 /* PBXContainerItemProxy libzlib from All */ = {
			isa = PBXContainerItemProxy;
			containerPortal = D2D67164D2D6811E00000001 /* Project object */;
			proxyType = 1;
			remoteGlobalIDString = D2D67164D2D6811E00000057;
			remoteInfo = libzlib;
		};
		D2D67164D2D6811E00000085 /* PBXContainerItemProxy libejs from All */ = {
			isa = PBXContainerItemProxy;
			containerPortal = D2D67164D2D6811E00000001 /* Project object */;
			proxyType = 1;
			remoteGlobalIDString = D2D67164D2D6811E00000059;
			remoteInfo = libejs;
		};
		D2D67164D2D6811E00000086 /* PBXContainerItemProxy ejsc from All */ = {
			isa = PBXContainerItemProxy;
			containerPortal = D2D67164D2D6811E00000001 /* Project object */;
			proxyType = 1;
			remoteGlobalIDString = D2D67164D2D6811E0000005B;
			remoteInfo = ejsc;
		};
		D2D67164D2D6811E00000087 /* PBXContainerItemProxy ejs.mod from All */ = {
			isa = PBXContainerItemProxy;
			containerPortal = D2D67164D2D6811E00000001 /* Project object */;
			proxyType = 1;
			remoteGlobalIDString = D2D67164D2D6811E0000000A;
			remoteInfo = ejs.mod;
		};
		D2D67164D2D6811E00000088 /* PBXContainerItemProxy libest from All */ = {
			isa = PBXContainerItemProxy;
			containerPortal = D2D67164D2D6811E00000001 /* Project object */;
			proxyType = 1;
			remoteGlobalIDString = D2D67164D2D6811E00000089;
			remoteInfo = libest;
		};
		D2D67164D2D6811E0000008A /* PBXContainerItemProxy libmprssl from All */ = {
			isa = PBXContainerItemProxy;
			containerPortal = D2D67164D2D6811E00000001 /* Project object */;
			proxyType = 1;
			remoteGlobalIDString = D2D67164D2D6811E0000008B;
			remoteInfo = libmprssl;
		};
		D2D67164D2D6811E0000008C /* PBXContainerItemProxy pak.mod from All */ = {
			isa = PBXContainerItemProxy;
			containerPortal = D2D67164D2D6811E00000001 /* Project object */;
			proxyType = 1;
			remoteGlobalIDString = D2D67164D2D6811E0000000F;
			remoteInfo = pak.mod;
		};
		D2D67164D2D6811E0000008D /* PBXContainerItemProxy pak from All */ = {
			isa = PBXContainerItemProxy;
			containerPortal = D2D67164D2D6811E00000001 /* Project object */;
			proxyType = 1;
			remoteGlobalIDString = D2D67164D2D6811E0000008E;
			remoteInfo = pak;
		};
/* End PBXContainerItemProxy section */

/* Begin PBXFileReference section */
		D2D67164D2D6811E00000025 /* ejsc.c */ = {isa = PBXFileReference; fileEncoding = 4; lastKnownFileType = sourcecode.c.c; name = ejsc.c; path = src/paks/ejs/ejsc.c; sourceTree = "<group>"; };
		D2D67164D2D6811E0000008F /* me.h */ = {isa = PBXFileReference; fileEncoding = 4; lastKnownFileType = sourcecode.c.h; name = me.h; path = macosx-x64-default/inc/me.h; sourceTree = "<group>"; };
		D2D67164D2D6811E00000090 /* ejs.h */ = {isa = PBXFileReference; fileEncoding = 4; lastKnownFileType = sourcecode.c.h; name = ejs.h; path = macosx-x64-default/inc/ejs.h; sourceTree = "<group>"; };
		D2D67164D2D6811E00000091 /* ejsc */ = {isa = PBXFileReference; explicitFileType = "compiled.mach-o.executable"; includeInIndex = 0; path = ejsc; sourceTree = BUILT_PRODUCTS_DIR; };
		D2D67164D2D6811E00000027 /* ejsLib.c */ = {isa = PBXFileReference; fileEncoding = 4; lastKnownFileType = sourcecode.c.c; name = ejsLib.c; path = src/paks/ejs/ejsLib.c; sourceTree = "<group>"; };
		D2D67164D2D6811E00000092 /* mpr.h */ = {isa = PBXFileReference; fileEncoding = 4; lastKnownFileType = sourcecode.c.h; name = mpr.h; path = macosx-x64-default/inc/mpr.h; sourceTree = "<group>"; };
		D2D67164D2D6811E00000093 /* pcre.h */ = {isa = PBXFileReference; fileEncoding = 4; lastKnownFileType = sourcecode.c.h; name = pcre.h; path = macosx-x64-default/inc/pcre.h; sourceTree = "<group>"; };
		D2D67164D2D6811E00000094 /* osdep.h */ = {isa = PBXFileReference; fileEncoding = 4; lastKnownFileType = sourcecode.c.h; name = osdep.h; path = macosx-x64-default/inc/osdep.h; sourceTree = "<group>"; };
		D2D67164D2D6811E00000095 /* http.h */ = {isa = PBXFileReference; fileEncoding = 4; lastKnownFileType = sourcecode.c.h; name = http.h; path = macosx-x64-default/inc/http.h; sourceTree = "<group>"; };
		D2D67164D2D6811E00000096 /* ejs.slots.h */ = {isa = PBXFileReference; fileEncoding = 4; lastKnownFileType = sourcecode.c.h; name = ejs.slots.h; path = macosx-x64-default/inc/ejs.slots.h; sourceTree = "<group>"; };
		D2D67164D2D6811E00000097 /* zlib.h */ = {isa = PBXFileReference; fileEncoding = 4; lastKnownFileType = sourcecode.c.h; name = zlib.h; path = macosx-x64-default/inc/zlib.h; sourceTree = "<group>"; };
		D2D67164D2D6811E00000037 /* libejs */ = {isa = PBXFileReference; explicitFileType = "compiled.mach-o.dylib"; includeInIndex = 0; path = libejs.dylib; sourceTree = BUILT_PRODUCTS_DIR; };
		D2D67164D2D6811E00000029 /* estLib.c */ = {isa = PBXFileReference; fileEncoding = 4; lastKnownFileType = sourcecode.c.c; name = estLib.c; path = src/paks/est/estLib.c; sourceTree = "<group>"; };
		D2D67164D2D6811E00000098 /* est.h */ = {isa = PBXFileReference; fileEncoding = 4; lastKnownFileType = sourcecode.c.h; name = est.h; path = macosx-x64-default/inc/est.h; sourceTree = "<group>"; };
		D2D67164D2D6811E00000048 /* libest */ = {isa = PBXFileReference; explicitFileType = "compiled.mach-o.dylib"; includeInIndex = 0; path = libest.dylib; sourceTree = BUILT_PRODUCTS_DIR; };
		D2D67164D2D6811E0000002B /* httpLib.c */ = {isa = PBXFileReference; fileEncoding = 4; lastKnownFileType = sourcecode.c.c; name = httpLib.c; path = src/paks/http/httpLib.c; sourceTree = "<group>"; };
		D2D67164D2D6811E00000039 /* libhttp */ = {isa = PBXFileReference; explicitFileType = "compiled.mach-o.dylib"; includeInIndex = 0; path = libhttp.dylib; sourceTree = BUILT_PRODUCTS_DIR; };
		D2D67164D2D6811E0000002D /* mprLib.c */ = {isa = PBXFileReference; fileEncoding = 4; lastKnownFileType = sourcecode.c.c; name = mprLib.c; path = src/paks/mpr/mprLib.c; sourceTree = "<group>"; };
		D2D67164D2D6811E0000003B /* libmpr */ = {isa = PBXFileReference; explicitFileType = "compiled.mach-o.dylib"; includeInIndex = 0; path = libmpr.dylib; sourceTree = BUILT_PRODUCTS_DIR; };
		D2D67164D2D6811E0000002F /* mprSsl.c */ = {isa = PBXFileReference; fileEncoding = 4; lastKnownFileType = sourcecode.c.c; name = mprSsl.c; path = src/paks/mpr/mprSsl.c; sourceTree = "<group>"; };
		D2D67164D2D6811E00000099 /* libmprssl */ = {isa = PBXFileReference; explicitFileType = "compiled.mach-o.dylib"; includeInIndex = 0; path = libmprssl.dylib; sourceTree = BUILT_PRODUCTS_DIR; };
		D2D67164D2D6811E00000031 /* pcre.c */ = {isa = PBXFileReference; fileEncoding = 4; lastKnownFileType = sourcecode.c.c; name = pcre.c; path = src/paks/pcre/pcre.c; sourceTree = "<group>"; };
		D2D67164D2D6811E0000003D /* libpcre */ = {isa = PBXFileReference; explicitFileType = "compiled.mach-o.dylib"; includeInIndex = 0; path = libpcre.dylib; sourceTree = BUILT_PRODUCTS_DIR; };
		D2D67164D2D6811E00000033 /* zlib.c */ = {isa = PBXFileReference; fileEncoding = 4; lastKnownFileType = sourcecode.c.c; name = zlib.c; path = src/paks/zlib/zlib.c; sourceTree = "<group>"; };
		D2D67164D2D6811E0000003F /* libzlib */ = {isa = PBXFileReference; explicitFileType = "compiled.mach-o.dylib"; includeInIndex = 0; path = libzlib.dylib; sourceTree = BUILT_PRODUCTS_DIR; };
		D2D67164D2D6811E00000035 /* pak.c */ = {isa = PBXFileReference; fileEncoding = 4; lastKnownFileType = sourcecode.c.c; name = pak.c; path = src/pak.c; sourceTree = "<group>"; };
		D2D67164D2D6811E0000009A /* pak */ = {isa = PBXFileReference; explicitFileType = "compiled.mach-o.executable"; includeInIndex = 0; path = pak; sourceTree = BUILT_PRODUCTS_DIR; };
/* End PBXFileReference section */

/* Begin PBXFrameworksBuildPhase section */
		D2D67164D2D6811E0000009B /* Frameworks and Libraries for ejsc */ = {
            isa = PBXFrameworksBuildPhase;
            buildActionMask = 2147483647;
            files = (
				D2D67164D2D6811E00000036 /* libejs */,
				D2D67164D2D6811E00000038 /* libhttp */,
				D2D67164D2D6811E0000003A /* libmpr */,
				D2D67164D2D6811E0000003C /* libpcre */,
				D2D67164D2D6811E0000003E /* libzlib */,				
            );
            runOnlyForDeploymentPostprocessing = 0;
        };
		D2D67164D2D6811E0000009C /* Frameworks and Libraries for libejs */ = {
            isa = PBXFrameworksBuildPhase;
            buildActionMask = 2147483647;
            files = (
				D2D67164D2D6811E00000040 /* libhttp */,
				D2D67164D2D6811E00000041 /* libmpr */,
				D2D67164D2D6811E00000042 /* libpcre */,
				D2D67164D2D6811E00000043 /* libzlib */,				
            );
            runOnlyForDeploymentPostprocessing = 0;
        };
		D2D67164D2D6811E0000009D /* Frameworks and Libraries for libest */ = {
            isa = PBXFrameworksBuildPhase;
            buildActionMask = 2147483647;
            files = (
				
            );
            runOnlyForDeploymentPostprocessing = 0;
        };
		D2D67164D2D6811E0000009E /* Frameworks and Libraries for libhttp */ = {
            isa = PBXFrameworksBuildPhase;
            buildActionMask = 2147483647;
            files = (
				D2D67164D2D6811E00000044 /* libmpr */,
				D2D67164D2D6811E00000045 /* libpcre */,				
            );
            runOnlyForDeploymentPostprocessing = 0;
        };
		D2D67164D2D6811E0000009F /* Frameworks and Libraries for libmpr */ = {
            isa = PBXFrameworksBuildPhase;
            buildActionMask = 2147483647;
            files = (
				
            );
            runOnlyForDeploymentPostprocessing = 0;
        };
		D2D67164D2D6811E000000A0 /* Frameworks and Libraries for libmprssl */ = {
            isa = PBXFrameworksBuildPhase;
            buildActionMask = 2147483647;
            files = (
				D2D67164D2D6811E00000046 /* libmpr */,
				D2D67164D2D6811E00000047 /* libest */,				
            );
            runOnlyForDeploymentPostprocessing = 0;
        };
		D2D67164D2D6811E000000A1 /* Frameworks and Libraries for libpcre */ = {
            isa = PBXFrameworksBuildPhase;
            buildActionMask = 2147483647;
            files = (
				
            );
            runOnlyForDeploymentPostprocessing = 0;
        };
		D2D67164D2D6811E000000A2 /* Frameworks and Libraries for libzlib */ = {
            isa = PBXFrameworksBuildPhase;
            buildActionMask = 2147483647;
            files = (
				
            );
            runOnlyForDeploymentPostprocessing = 0;
        };
		D2D67164D2D6811E000000A3 /* Frameworks and Libraries for pak */ = {
            isa = PBXFrameworksBuildPhase;
            buildActionMask = 2147483647;
            files = (
				D2D67164D2D6811E00000049 /* libejs */,
				D2D67164D2D6811E0000004A /* libhttp */,
				D2D67164D2D6811E0000004B /* libmpr */,
				D2D67164D2D6811E0000004C /* libpcre */,
				D2D67164D2D6811E0000004D /* libzlib */,				
            );
            runOnlyForDeploymentPostprocessing = 0;
        };
/* End PBXFrameworksBuildPhase section */

/* Begin PBXGroup section */
		D2D67164D2D6811E000000A4 /* Top Group */ = {
            isa = PBXGroup;
            children = (
				D2D67164D2D6811E000000A5 /* libejs */,
				D2D67164D2D6811E000000A6 /* libest */,
				D2D67164D2D6811E000000A7 /* libhttp */,
				D2D67164D2D6811E000000A8 /* libmpr */,
				D2D67164D2D6811E000000A9 /* libmprssl */,
				D2D67164D2D6811E000000AA /* libpcre */,
				D2D67164D2D6811E000000AB /* libzlib */,
				D2D67164D2D6811E000000AC /* ejsc */,
				D2D67164D2D6811E000000AD /* pak */,
				D2D67164D2D6811E000000AE /* Products */,
			);
            sourceTree = "<group>";
        };
		D2D67164D2D6811E000000AC /* ejsc */ = {
            isa = PBXGroup;
            children = (
				D2D67164D2D6811E0000008F /* me.h */,
				D2D67164D2D6811E00000090 /* ejs.h */,
				D2D67164D2D6811E00000025 /* ejsc.c */,
			);
            name = "ejsc";
            path = ..;
            sourceTree = SOURCE_ROOT;
        };
		D2D67164D2D6811E000000A5 /* libejs */ = {
            isa = PBXGroup;
            children = (
				D2D67164D2D6811E0000008F /* me.h */,
				D2D67164D2D6811E00000090 /* ejs.h */,
				D2D67164D2D6811E00000092 /* mpr.h */,
				D2D67164D2D6811E00000093 /* pcre.h */,
				D2D67164D2D6811E00000094 /* osdep.h */,
				D2D67164D2D6811E00000095 /* http.h */,
				D2D67164D2D6811E00000096 /* ejs.slots.h */,
				D2D67164D2D6811E00000097 /* zlib.h */,
				D2D67164D2D6811E00000027 /* ejsLib.c */,
			);
            name = "libejs";
            path = ..;
            sourceTree = SOURCE_ROOT;
        };
		D2D67164D2D6811E000000A6 /* libest */ = {
            isa = PBXGroup;
            children = (
				D2D67164D2D6811E0000008F /* me.h */,
				D2D67164D2D6811E00000098 /* est.h */,
				D2D67164D2D6811E00000094 /* osdep.h */,
				D2D67164D2D6811E00000029 /* estLib.c */,
			);
            name = "libest";
            path = ..;
            sourceTree = SOURCE_ROOT;
        };
		D2D67164D2D6811E000000A7 /* libhttp */ = {
            isa = PBXGroup;
            children = (
				D2D67164D2D6811E0000008F /* me.h */,
				D2D67164D2D6811E00000095 /* http.h */,
				D2D67164D2D6811E00000092 /* mpr.h */,
				D2D67164D2D6811E0000002B /* httpLib.c */,
			);
            name = "libhttp";
            path = ..;
            sourceTree = SOURCE_ROOT;
        };
		D2D67164D2D6811E000000A8 /* libmpr */ = {
            isa = PBXGroup;
            children = (
				D2D67164D2D6811E0000008F /* me.h */,
				D2D67164D2D6811E00000092 /* mpr.h */,
				D2D67164D2D6811E00000094 /* osdep.h */,
				D2D67164D2D6811E0000002D /* mprLib.c */,
			);
            name = "libmpr";
            path = ..;
            sourceTree = SOURCE_ROOT;
        };
		D2D67164D2D6811E000000A9 /* libmprssl */ = {
            isa = PBXGroup;
            children = (
				D2D67164D2D6811E0000008F /* me.h */,
				D2D67164D2D6811E00000092 /* mpr.h */,
				D2D67164D2D6811E00000098 /* est.h */,
				D2D67164D2D6811E0000002F /* mprSsl.c */,
			);
            name = "libmprssl";
            path = ..;
            sourceTree = SOURCE_ROOT;
        };
		D2D67164D2D6811E000000AA /* libpcre */ = {
            isa = PBXGroup;
            children = (
				D2D67164D2D6811E0000008F /* me.h */,
				D2D67164D2D6811E00000093 /* pcre.h */,
				D2D67164D2D6811E00000031 /* pcre.c */,
			);
            name = "libpcre";
            path = ..;
            sourceTree = SOURCE_ROOT;
        };
		D2D67164D2D6811E000000AB /* libzlib */ = {
            isa = PBXGroup;
            children = (
				D2D67164D2D6811E0000008F /* me.h */,
				D2D67164D2D6811E00000097 /* zlib.h */,
				D2D67164D2D6811E00000033 /* zlib.c */,
			);
            name = "libzlib";
            path = ..;
            sourceTree = SOURCE_ROOT;
        };
		D2D67164D2D6811E000000AD /* pak */ = {
            isa = PBXGroup;
            children = (
				D2D67164D2D6811E0000008F /* me.h */,
				D2D67164D2D6811E00000090 /* ejs.h */,
				D2D67164D2D6811E00000035 /* pak.c */,
			);
            name = "pak";
            path = ..;
            sourceTree = SOURCE_ROOT;
        };
		D2D67164D2D6811E000000AE /* Products */ = {
            isa = PBXGroup;
            children = (
				D2D67164D2D6811E00000091 /* ejsc */,
				D2D67164D2D6811E00000037 /* libejs */,
				D2D67164D2D6811E00000048 /* libest */,
				D2D67164D2D6811E00000039 /* libhttp */,
				D2D67164D2D6811E0000003B /* libmpr */,
				D2D67164D2D6811E00000099 /* libmprssl */,
				D2D67164D2D6811E0000003D /* libpcre */,
				D2D67164D2D6811E0000003F /* libzlib */,
				D2D67164D2D6811E0000009A /* pak */,
			);
            name = "Products";
            path = ..;
            sourceTree = SOURCE_ROOT;
        };
/* End PBXGroup section */

/* Begin PBXNativeTarget section */
		D2D67164D2D6811E0000005B /* ejsc */ = {
			isa = PBXNativeTarget;
			buildConfigurationList = D2D67164D2D6811E000000B0 /* Build configuration list for PBXNativeTarget "ejsc" */;
			buildPhases = (
				D2D67164D2D6811E000000AF /* Sources */,
				D2D67164D2D6811E0000009B /* Frameworks */,
			);
			buildRules = (
			);
			dependencies = (
				D2D67164D2D6811E000000B1 /* Prep */,
				D2D67164D2D6811E000000B2 /* libmpr */,
				D2D67164D2D6811E000000B3 /* libpcre */,
				D2D67164D2D6811E000000B4 /* libhttp */,
				D2D67164D2D6811E000000B5 /* libzlib */,
				D2D67164D2D6811E000000B6 /* libejs */,				
			);
			name = ejsc;
			productName = pak;
			productReference = D2D67164D2D6811E00000091 /* ejsc */;
			productType = "com.apple.product-type.tool";
		};
		D2D67164D2D6811E00000059 /* libejs */ = {
			isa = PBXNativeTarget;
			buildConfigurationList = D2D67164D2D6811E000000B8 /* Build configuration list for PBXNativeTarget "libejs" */;
			buildPhases = (
				D2D67164D2D6811E000000B7 /* Sources */,
				D2D67164D2D6811E0000009C /* Frameworks */,
			);
			buildRules = (
			);
			dependencies = (
				D2D67164D2D6811E000000B9 /* Prep */,
				D2D67164D2D6811E000000BA /* libmpr */,
				D2D67164D2D6811E000000BB /* libpcre */,
				D2D67164D2D6811E000000BC /* libhttp */,
				D2D67164D2D6811E000000BD /* libzlib */,				
			);
			name = libejs;
			productName = pak;
			productReference = D2D67164D2D6811E00000037 /* libejs */;
			productType = "com.apple.product-type.library.dynamic";
		};
		D2D67164D2D6811E00000089 /* libest */ = {
			isa = PBXNativeTarget;
			buildConfigurationList = D2D67164D2D6811E000000BF /* Build configuration list for PBXNativeTarget "libest" */;
			buildPhases = (
				D2D67164D2D6811E000000BE /* Sources */,
				D2D67164D2D6811E0000009D /* Frameworks */,
			);
			buildRules = (
			);
			dependencies = (
				D2D67164D2D6811E000000C0 /* Prep */,				
			);
			name = libest;
			productName = pak;
			productReference = D2D67164D2D6811E00000048 /* libest */;
			productType = "com.apple.product-type.library.dynamic";
		};
		D2D67164D2D6811E00000055 /* libhttp */ = {
			isa = PBXNativeTarget;
			buildConfigurationList = D2D67164D2D6811E000000C2 /* Build configuration list for PBXNativeTarget "libhttp" */;
			buildPhases = (
				D2D67164D2D6811E000000C1 /* Sources */,
				D2D67164D2D6811E0000009E /* Frameworks */,
			);
			buildRules = (
			);
			dependencies = (
				D2D67164D2D6811E000000C3 /* Prep */,
				D2D67164D2D6811E000000C4 /* libmpr */,
				D2D67164D2D6811E000000C5 /* libpcre */,				
			);
			name = libhttp;
			productName = pak;
			productReference = D2D67164D2D6811E00000039 /* libhttp */;
			productType = "com.apple.product-type.library.dynamic";
		};
		D2D67164D2D6811E00000051 /* libmpr */ = {
			isa = PBXNativeTarget;
			buildConfigurationList = D2D67164D2D6811E000000C7 /* Build configuration list for PBXNativeTarget "libmpr" */;
			buildPhases = (
				D2D67164D2D6811E000000C6 /* Sources */,
				D2D67164D2D6811E0000009F /* Frameworks */,
			);
			buildRules = (
			);
			dependencies = (
				D2D67164D2D6811E000000C8 /* Prep */,				
			);
			name = libmpr;
			productName = pak;
			productReference = D2D67164D2D6811E0000003B /* libmpr */;
			productType = "com.apple.product-type.library.dynamic";
		};
		D2D67164D2D6811E0000008B /* libmprssl */ = {
			isa = PBXNativeTarget;
			buildConfigurationList = D2D67164D2D6811E000000CA /* Build configuration list for PBXNativeTarget "libmprssl" */;
			buildPhases = (
				D2D67164D2D6811E000000C9 /* Sources */,
				D2D67164D2D6811E000000A0 /* Frameworks */,
			);
			buildRules = (
			);
			dependencies = (
				D2D67164D2D6811E000000CB /* Prep */,
				D2D67164D2D6811E000000CC /* libmpr */,				
			);
			name = libmprssl;
			productName = pak;
			productReference = D2D67164D2D6811E00000099 /* libmprssl */;
			productType = "com.apple.product-type.library.dynamic";
		};
		D2D67164D2D6811E00000053 /* libpcre */ = {
			isa = PBXNativeTarget;
			buildConfigurationList = D2D67164D2D6811E000000CE /* Build configuration list for PBXNativeTarget "libpcre" */;
			buildPhases = (
				D2D67164D2D6811E000000CD /* Sources */,
				D2D67164D2D6811E000000A1 /* Frameworks */,
			);
			buildRules = (
			);
			dependencies = (
				D2D67164D2D6811E000000CF /* Prep */,				
			);
			name = libpcre;
			productName = pak;
			productReference = D2D67164D2D6811E0000003D /* libpcre */;
			productType = "com.apple.product-type.library.dynamic";
		};
		D2D67164D2D6811E00000057 /* libzlib */ = {
			isa = PBXNativeTarget;
			buildConfigurationList = D2D67164D2D6811E000000D1 /* Build configuration list for PBXNativeTarget "libzlib" */;
			buildPhases = (
				D2D67164D2D6811E000000D0 /* Sources */,
				D2D67164D2D6811E000000A2 /* Frameworks */,
			);
			buildRules = (
			);
			dependencies = (
				D2D67164D2D6811E000000D2 /* Prep */,				
			);
			name = libzlib;
			productName = pak;
			productReference = D2D67164D2D6811E0000003F /* libzlib */;
			productType = "com.apple.product-type.library.dynamic";
		};
		D2D67164D2D6811E0000008E /* pak */ = {
			isa = PBXNativeTarget;
			buildConfigurationList = D2D67164D2D6811E000000D4 /* Build configuration list for PBXNativeTarget "pak" */;
			buildPhases = (
				D2D67164D2D6811E000000D3 /* Sources */,
				D2D67164D2D6811E000000A3 /* Frameworks */,
			);
			buildRules = (
			);
			dependencies = (
				D2D67164D2D6811E000000D5 /* Prep */,
				D2D67164D2D6811E000000D6 /* libmpr */,
				D2D67164D2D6811E000000D7 /* libpcre */,
				D2D67164D2D6811E000000D8 /* libhttp */,
				D2D67164D2D6811E000000D9 /* libzlib */,
				D2D67164D2D6811E000000DA /* libejs */,
				D2D67164D2D6811E000000DB /* ejsc */,
				D2D67164D2D6811E000000DC /* pak.mod */,				
			);
			name = pak;
			productName = pak;
			productReference = D2D67164D2D6811E0000009A /* pak */;
			productType = "com.apple.product-type.tool";
		};
/* End PBXNativeTarget section */

/* Begin PBXShellScriptBuildPhase section */
		D2D67164D2D6811E00000007 /* ShellScript for ca-crt */ = {
			isa = PBXShellScriptBuildPhase;
			buildActionMask = 2147483647;
			files = (
			);
			inputPaths = (
../src/paks/est/ca.crt
			);
			outputPaths = (
../macosx-x64-default/bin/ca.crt
			);
			runOnlyForDeploymentPostprocessing = 0;
			shellPath = /bin/bash;
			shellScript = "PATH=$PATH:/usr/local/bin
cd ../src/paks/est
mkdir -p ../../${OUT_DIR}/bin
cp -r ca.crt ../../${OUT_DIR}/bin/ca.crt
";
		};
		D2D67164D2D6811E0000000B /* ShellScript for ejs.mod */ = {
			isa = PBXShellScriptBuildPhase;
			buildActionMask = 2147483647;
			files = (
			);
			inputPaths = (
../src/paks/ejs/ejs.es
			);
			outputPaths = (
../macosx-x64-default/bin/ejs.mod
			);
			runOnlyForDeploymentPostprocessing = 0;
			shellPath = /bin/bash;
			shellScript = "PATH=$PATH:/usr/local/bin
cd ../src/paks/ejs
../../../macosx-x64-default/bin/ejsc --out ../../../macosx-x64-default/bin/ejs.mod --optimize 9 --bind --require null ejs.es";
		};
		D2D67164D2D6811E00000010 /* ShellScript for pak.mod */ = {
			isa = PBXShellScriptBuildPhase;
			buildActionMask = 2147483647;
			files = (
			);
			inputPaths = (
../src/Package.es,
../src/pak.es,
../src/paks/ejs-version/Version.es
			);
			outputPaths = (
../macosx-x64-default/bin/pak.mod
			);
			runOnlyForDeploymentPostprocessing = 0;
			shellPath = /bin/bash;
			shellScript = "PATH=$PATH:/usr/local/bin
cd ..
macosx-x64-default/bin/ejsc --out macosx-x64-default/bin/pak.mod --optimize 9 /Users/mob/git/pak/src/Package.es /Users/mob/git/pak/src/pak.es /Users/mob/git/pak/src/paks/ejs-version/Version.es";
		};
		D2D67164D2D6811E00000023 /* ShellScript for Prep */ = {
			isa = PBXShellScriptBuildPhase;
			buildActionMask = 2147483647;
			files = (
			);
			inputPaths = (

			);
			outputPaths = (

			);
			runOnlyForDeploymentPostprocessing = 0;
			shellPath = /bin/bash;
			shellScript = "PATH=$PATH:/usr/local/bin
[ ! -x ${INC_DIR} ] && mkdir -p ${INC_DIR} ${OBJ_DIR} ${LIB_DIR} ${BIN_DIR}
[ ! -f ${INC_DIR}/me.h ] && cp pak-macosx-default-me.h ${INC_DIR}/me.h
[ ! -f ${INC_DIR}/osdep.h ] && cp ${SRC_DIR}/src/paks/osdep/osdep.h ${INC_DIR}/osdep.h
if ! diff ${INC_DIR}/me.h pak-macosx-default-me.h >/dev/null ; then
cp pak-macosx-default-me.h ${INC_DIR}/me.h
fi
if [ ../src/paks/ejs/ejs.h -nt ${OUT_DIR}/inc/ejs.h ] ; then
cp ../src/paks/ejs/ejs.h ${OUT_DIR}/inc/ejs.h
fi
if [ ../src/paks/ejs/ejs.slots.h -nt ${OUT_DIR}/inc/ejs.slots.h ] ; then
cp ../src/paks/ejs/ejs.slots.h ${OUT_DIR}/inc/ejs.slots.h
fi
if [ ../src/paks/ejs/ejsByteGoto.h -nt ${OUT_DIR}/inc/ejsByteGoto.h ] ; then
cp ../src/paks/ejs/ejsByteGoto.h ${OUT_DIR}/inc/ejsByteGoto.h
fi
if [ ../src/paks/est/est.h -nt ${OUT_DIR}/inc/est.h ] ; then
cp ../src/paks/est/est.h ${OUT_DIR}/inc/est.h
fi
if [ ../src/paks/http/http.h -nt ${OUT_DIR}/inc/http.h ] ; then
cp ../src/paks/http/http.h ${OUT_DIR}/inc/http.h
fi
if [ ../src/paks/mpr/mpr.h -nt ${OUT_DIR}/inc/mpr.h ] ; then
cp ../src/paks/mpr/mpr.h ${OUT_DIR}/inc/mpr.h
fi
if [ ../src/paks/pcre/pcre.h -nt ${OUT_DIR}/inc/pcre.h ] ; then
cp ../src/paks/pcre/pcre.h ${OUT_DIR}/inc/pcre.h
fi
if [ ../src/paks/zlib/zlib.h -nt ${OUT_DIR}/inc/zlib.h ] ; then
cp ../src/paks/zlib/zlib.h ${OUT_DIR}/inc/zlib.h
fi";
		};
/* End PBXShellScriptBuildPhase section */

/* Begin PBXProject section */
		D2D67164D2D6811E00000001 /* Project object */ = {
			isa = PBXProject;
			attributes = {
				LastUpgradeCheck = 0430;
				ORGANIZATIONNAME = "embedthis";
			};
			buildConfigurationList = D2D67164D2D6811E00000002 /* Build configuration list for PBXProject "pak" */;
			compatibilityVersion = "Xcode 3.2";
			developmentRegion = English;
			hasScannedForEncodings = 0;
			knownRegions = (
				en,
			);
			mainGroup = D2D67164D2D6811E000000A4;
			productRefGroup = D2D67164D2D6811E000000AE /* Products */;
			projectDirPath = "";
			projectRoot = "";
			targets = (
				D2D67164D2D6811E00000014 /* All */,
				D2D67164D2D6811E00000022 /* Prep */,
				D2D67164D2D6811E00000059 /* libejs */,
				D2D67164D2D6811E00000089 /* libest */,
				D2D67164D2D6811E00000055 /* libhttp */,
				D2D67164D2D6811E00000051 /* libmpr */,
				D2D67164D2D6811E0000008B /* libmprssl */,
				D2D67164D2D6811E00000053 /* libpcre */,
				D2D67164D2D6811E00000057 /* libzlib */,
				D2D67164D2D6811E0000005B /* ejsc */,
				D2D67164D2D6811E0000008E /* pak */,
				D2D67164D2D6811E00000006 /* ca-crt */,
				D2D67164D2D6811E0000000A /* ejs.mod */,
				D2D67164D2D6811E0000000F /* pak.mod */,
			);
		};
/* End PBXProject section */

/* Begin PBXSourcesBuildPhase section */
		D2D67164D2D6811E000000AF /* ejsc Sources */ = {
			isa = PBXSourcesBuildPhase;
			buildActionMask = 2147483647;
			files = (
				D2D67164D2D6811E00000024 /* ejsc.c in Sources */,
			);
			runOnlyForDeploymentPostprocessing = 0;
		};
		D2D67164D2D6811E000000B7 /* libejs Sources */ = {
			isa = PBXSourcesBuildPhase;
			buildActionMask = 2147483647;
			files = (
				D2D67164D2D6811E00000026 /* ejsLib.c in Sources */,
			);
			runOnlyForDeploymentPostprocessing = 0;
		};
		D2D67164D2D6811E000000BE /* libest Sources */ = {
			isa = PBXSourcesBuildPhase;
			buildActionMask = 2147483647;
			files = (
				D2D67164D2D6811E00000028 /* estLib.c in Sources */,
			);
			runOnlyForDeploymentPostprocessing = 0;
		};
		D2D67164D2D6811E000000C1 /* libhttp Sources */ = {
			isa = PBXSourcesBuildPhase;
			buildActionMask = 2147483647;
			files = (
				D2D67164D2D6811E0000002A /* httpLib.c in Sources */,
			);
			runOnlyForDeploymentPostprocessing = 0;
		};
		D2D67164D2D6811E000000C6 /* libmpr Sources */ = {
			isa = PBXSourcesBuildPhase;
			buildActionMask = 2147483647;
			files = (
				D2D67164D2D6811E0000002C /* mprLib.c in Sources */,
			);
			runOnlyForDeploymentPostprocessing = 0;
		};
		D2D67164D2D6811E000000C9 /* libmprssl Sources */ = {
			isa = PBXSourcesBuildPhase;
			buildActionMask = 2147483647;
			files = (
				D2D67164D2D6811E0000002E /* mprSsl.c in Sources */,
			);
			runOnlyForDeploymentPostprocessing = 0;
		};
		D2D67164D2D6811E000000CD /* libpcre Sources */ = {
			isa = PBXSourcesBuildPhase;
			buildActionMask = 2147483647;
			files = (
				D2D67164D2D6811E00000030 /* pcre.c in Sources */,
			);
			runOnlyForDeploymentPostprocessing = 0;
		};
		D2D67164D2D6811E000000D0 /* libzlib Sources */ = {
			isa = PBXSourcesBuildPhase;
			buildActionMask = 2147483647;
			files = (
				D2D67164D2D6811E00000032 /* zlib.c in Sources */,
			);
			runOnlyForDeploymentPostprocessing = 0;
		};
		D2D67164D2D6811E000000D3 /* pak Sources */ = {
			isa = PBXSourcesBuildPhase;
			buildActionMask = 2147483647;
			files = (
				D2D67164D2D6811E00000034 /* pak.c in Sources */,
			);
			runOnlyForDeploymentPostprocessing = 0;
		};
/* End PBXSourcesBuildPhase section */

/* Begin PBXTargetDependency section */
		D2D67164D2D6811E00000008 /* PBXTargetDependency ca-crt depends on Prep */ = {
			isa = PBXTargetDependency;
			target = D2D67164D2D6811E00000022 /* Prep */;
			targetProxy = D2D67164D2D6811E0000004E /* PBXContainerItemProxy */;
		};
		D2D67164D2D6811E0000000D /* PBXTargetDependency ejs.mod depends on Prep */ = {
			isa = PBXTargetDependency;
			target = D2D67164D2D6811E00000022 /* Prep */;
			targetProxy = D2D67164D2D6811E0000004F /* PBXContainerItemProxy */;
		};
		D2D67164D2D6811E000000DD /* PBXTargetDependency ejs.mod depends on libmpr */ = {
			isa = PBXTargetDependency;
			target = D2D67164D2D6811E00000051 /* libmpr */;
			targetProxy = D2D67164D2D6811E00000050 /* PBXContainerItemProxy */;
		};
		D2D67164D2D6811E000000DE /* PBXTargetDependency ejs.mod depends on libpcre */ = {
			isa = PBXTargetDependency;
			target = D2D67164D2D6811E00000053 /* libpcre */;
			targetProxy = D2D67164D2D6811E00000052 /* PBXContainerItemProxy */;
		};
		D2D67164D2D6811E000000DF /* PBXTargetDependency ejs.mod depends on libhttp */ = {
			isa = PBXTargetDependency;
			target = D2D67164D2D6811E00000055 /* libhttp */;
			targetProxy = D2D67164D2D6811E00000054 /* PBXContainerItemProxy */;
		};
		D2D67164D2D6811E000000E0 /* PBXTargetDependency ejs.mod depends on libzlib */ = {
			isa = PBXTargetDependency;
			target = D2D67164D2D6811E00000057 /* libzlib */;
			targetProxy = D2D67164D2D6811E00000056 /* PBXContainerItemProxy */;
		};
		D2D67164D2D6811E000000E1 /* PBXTargetDependency ejs.mod depends on libejs */ = {
			isa = PBXTargetDependency;
			target = D2D67164D2D6811E00000059 /* libejs */;
			targetProxy = D2D67164D2D6811E00000058 /* PBXContainerItemProxy */;
		};
		D2D67164D2D6811E0000000C /* PBXTargetDependency ejs.mod depends on ejsc */ = {
			isa = PBXTargetDependency;
			target = D2D67164D2D6811E0000005B /* ejsc */;
			targetProxy = D2D67164D2D6811E0000005A /* PBXContainerItemProxy */;
		};
		D2D67164D2D6811E000000B1 /* PBXTargetDependency ejsc depends on Prep */ = {
			isa = PBXTargetDependency;
			target = D2D67164D2D6811E00000022 /* Prep */;
			targetProxy = D2D67164D2D6811E0000005C /* PBXContainerItemProxy */;
		};
		D2D67164D2D6811E000000B2 /* PBXTargetDependency ejsc depends on libmpr */ = {
			isa = PBXTargetDependency;
			target = D2D67164D2D6811E00000051 /* libmpr */;
			targetProxy = D2D67164D2D6811E0000005D /* PBXContainerItemProxy */;
		};
		D2D67164D2D6811E000000B3 /* PBXTargetDependency ejsc depends on libpcre */ = {
			isa = PBXTargetDependency;
			target = D2D67164D2D6811E00000053 /* libpcre */;
			targetProxy = D2D67164D2D6811E0000005E /* PBXContainerItemProxy */;
		};
		D2D67164D2D6811E000000B4 /* PBXTargetDependency ejsc depends on libhttp */ = {
			isa = PBXTargetDependency;
			target = D2D67164D2D6811E00000055 /* libhttp */;
			targetProxy = D2D67164D2D6811E0000005F /* PBXContainerItemProxy */;
		};
		D2D67164D2D6811E000000B5 /* PBXTargetDependency ejsc depends on libzlib */ = {
			isa = PBXTargetDependency;
			target = D2D67164D2D6811E00000057 /* libzlib */;
			targetProxy = D2D67164D2D6811E00000060 /* PBXContainerItemProxy */;
		};
		D2D67164D2D6811E000000B6 /* PBXTargetDependency ejsc depends on libejs */ = {
			isa = PBXTargetDependency;
			target = D2D67164D2D6811E00000059 /* libejs */;
			targetProxy = D2D67164D2D6811E00000061 /* PBXContainerItemProxy */;
		};
		D2D67164D2D6811E000000B9 /* PBXTargetDependency libejs depends on Prep */ = {
			isa = PBXTargetDependency;
			target = D2D67164D2D6811E00000022 /* Prep */;
			targetProxy = D2D67164D2D6811E00000062 /* PBXContainerItemProxy */;
		};
		D2D67164D2D6811E000000BA /* PBXTargetDependency libejs depends on libmpr */ = {
			isa = PBXTargetDependency;
			target = D2D67164D2D6811E00000051 /* libmpr */;
			targetProxy = D2D67164D2D6811E00000063 /* PBXContainerItemProxy */;
		};
		D2D67164D2D6811E000000BB /* PBXTargetDependency libejs depends on libpcre */ = {
			isa = PBXTargetDependency;
			target = D2D67164D2D6811E00000053 /* libpcre */;
			targetProxy = D2D67164D2D6811E00000064 /* PBXContainerItemProxy */;
		};
		D2D67164D2D6811E000000BC /* PBXTargetDependency libejs depends on libhttp */ = {
			isa = PBXTargetDependency;
			target = D2D67164D2D6811E00000055 /* libhttp */;
			targetProxy = D2D67164D2D6811E00000065 /* PBXContainerItemProxy */;
		};
		D2D67164D2D6811E000000BD /* PBXTargetDependency libejs depends on libzlib */ = {
			isa = PBXTargetDependency;
			target = D2D67164D2D6811E00000057 /* libzlib */;
			targetProxy = D2D67164D2D6811E00000066 /* PBXContainerItemProxy */;
		};
		D2D67164D2D6811E000000C0 /* PBXTargetDependency libest depends on Prep */ = {
			isa = PBXTargetDependency;
			target = D2D67164D2D6811E00000022 /* Prep */;
			targetProxy = D2D67164D2D6811E00000067 /* PBXContainerItemProxy */;
		};
		D2D67164D2D6811E000000C3 /* PBXTargetDependency libhttp depends on Prep */ = {
			isa = PBXTargetDependency;
			target = D2D67164D2D6811E00000022 /* Prep */;
			targetProxy = D2D67164D2D6811E00000068 /* PBXContainerItemProxy */;
		};
		D2D67164D2D6811E000000C4 /* PBXTargetDependency libhttp depends on libmpr */ = {
			isa = PBXTargetDependency;
			target = D2D67164D2D6811E00000051 /* libmpr */;
			targetProxy = D2D67164D2D6811E00000069 /* PBXContainerItemProxy */;
		};
		D2D67164D2D6811E000000C5 /* PBXTargetDependency libhttp depends on libpcre */ = {
			isa = PBXTargetDependency;
			target = D2D67164D2D6811E00000053 /* libpcre */;
			targetProxy = D2D67164D2D6811E0000006A /* PBXContainerItemProxy */;
		};
		D2D67164D2D6811E000000C8 /* PBXTargetDependency libmpr depends on Prep */ = {
			isa = PBXTargetDependency;
			target = D2D67164D2D6811E00000022 /* Prep */;
			targetProxy = D2D67164D2D6811E0000006B /* PBXContainerItemProxy */;
		};
		D2D67164D2D6811E000000CB /* PBXTargetDependency libmprssl depends on Prep */ = {
			isa = PBXTargetDependency;
			target = D2D67164D2D6811E00000022 /* Prep */;
			targetProxy = D2D67164D2D6811E0000006C /* PBXContainerItemProxy */;
		};
		D2D67164D2D6811E000000CC /* PBXTargetDependency libmprssl depends on libmpr */ = {
			isa = PBXTargetDependency;
			target = D2D67164D2D6811E00000051 /* libmpr */;
			targetProxy = D2D67164D2D6811E0000006D /* PBXContainerItemProxy */;
		};
		D2D67164D2D6811E000000CF /* PBXTargetDependency libpcre depends on Prep */ = {
			isa = PBXTargetDependency;
			target = D2D67164D2D6811E00000022 /* Prep */;
			targetProxy = D2D67164D2D6811E0000006E /* PBXContainerItemProxy */;
		};
		D2D67164D2D6811E000000D2 /* PBXTargetDependency libzlib depends on Prep */ = {
			isa = PBXTargetDependency;
			target = D2D67164D2D6811E00000022 /* Prep */;
			targetProxy = D2D67164D2D6811E0000006F /* PBXContainerItemProxy */;
		};
		D2D67164D2D6811E000000D5 /* PBXTargetDependency pak depends on Prep */ = {
			isa = PBXTargetDependency;
			target = D2D67164D2D6811E00000022 /* Prep */;
			targetProxy = D2D67164D2D6811E00000070 /* PBXContainerItemProxy */;
		};
		D2D67164D2D6811E000000D6 /* PBXTargetDependency pak depends on libmpr */ = {
			isa = PBXTargetDependency;
			target = D2D67164D2D6811E00000051 /* libmpr */;
			targetProxy = D2D67164D2D6811E00000071 /* PBXContainerItemProxy */;
		};
		D2D67164D2D6811E000000D7 /* PBXTargetDependency pak depends on libpcre */ = {
			isa = PBXTargetDependency;
			target = D2D67164D2D6811E00000053 /* libpcre */;
			targetProxy = D2D67164D2D6811E00000072 /* PBXContainerItemProxy */;
		};
		D2D67164D2D6811E000000D8 /* PBXTargetDependency pak depends on libhttp */ = {
			isa = PBXTargetDependency;
			target = D2D67164D2D6811E00000055 /* libhttp */;
			targetProxy = D2D67164D2D6811E00000073 /* PBXContainerItemProxy */;
		};
		D2D67164D2D6811E000000D9 /* PBXTargetDependency pak depends on libzlib */ = {
			isa = PBXTargetDependency;
			target = D2D67164D2D6811E00000057 /* libzlib */;
			targetProxy = D2D67164D2D6811E00000074 /* PBXContainerItemProxy */;
		};
		D2D67164D2D6811E000000DA /* PBXTargetDependency pak depends on libejs */ = {
			isa = PBXTargetDependency;
			target = D2D67164D2D6811E00000059 /* libejs */;
			targetProxy = D2D67164D2D6811E00000075 /* PBXContainerItemProxy */;
		};
		D2D67164D2D6811E000000DB /* PBXTargetDependency pak depends on ejsc */ = {
			isa = PBXTargetDependency;
			target = D2D67164D2D6811E0000005B /* ejsc */;
			targetProxy = D2D67164D2D6811E00000076 /* PBXContainerItemProxy */;
		};
		D2D67164D2D6811E000000DC /* PBXTargetDependency pak depends on pak.mod */ = {
			isa = PBXTargetDependency;
			target = D2D67164D2D6811E0000000F /* pak.mod */;
			targetProxy = D2D67164D2D6811E00000077 /* PBXContainerItemProxy */;
		};
		D2D67164D2D6811E00000012 /* PBXTargetDependency pak.mod depends on Prep */ = {
			isa = PBXTargetDependency;
			target = D2D67164D2D6811E00000022 /* Prep */;
			targetProxy = D2D67164D2D6811E00000078 /* PBXContainerItemProxy */;
		};
		D2D67164D2D6811E000000E2 /* PBXTargetDependency pak.mod depends on libmpr */ = {
			isa = PBXTargetDependency;
			target = D2D67164D2D6811E00000051 /* libmpr */;
			targetProxy = D2D67164D2D6811E00000079 /* PBXContainerItemProxy */;
		};
		D2D67164D2D6811E000000E3 /* PBXTargetDependency pak.mod depends on libpcre */ = {
			isa = PBXTargetDependency;
			target = D2D67164D2D6811E00000053 /* libpcre */;
			targetProxy = D2D67164D2D6811E0000007A /* PBXContainerItemProxy */;
		};
		D2D67164D2D6811E000000E4 /* PBXTargetDependency pak.mod depends on libhttp */ = {
			isa = PBXTargetDependency;
			target = D2D67164D2D6811E00000055 /* libhttp */;
			targetProxy = D2D67164D2D6811E0000007B /* PBXContainerItemProxy */;
		};
		D2D67164D2D6811E000000E5 /* PBXTargetDependency pak.mod depends on libzlib */ = {
			isa = PBXTargetDependency;
			target = D2D67164D2D6811E00000057 /* libzlib */;
			targetProxy = D2D67164D2D6811E0000007C /* PBXContainerItemProxy */;
		};
		D2D67164D2D6811E000000E6 /* PBXTargetDependency pak.mod depends on libejs */ = {
			isa = PBXTargetDependency;
			target = D2D67164D2D6811E00000059 /* libejs */;
			targetProxy = D2D67164D2D6811E0000007D /* PBXContainerItemProxy */;
		};
		D2D67164D2D6811E00000011 /* PBXTargetDependency pak.mod depends on ejsc */ = {
			isa = PBXTargetDependency;
			target = D2D67164D2D6811E0000005B /* ejsc */;
			targetProxy = D2D67164D2D6811E0000007E /* PBXContainerItemProxy */;
		};
		D2D67164D2D6811E000000E7 /* PBXTargetDependency All depends on Prep */ = {
			isa = PBXTargetDependency;
			target = D2D67164D2D6811E00000022 /* Prep */;
			targetProxy = D2D67164D2D6811E0000007F /* PBXContainerItemProxy */;
		};
		D2D67164D2D6811E00000015 /* PBXTargetDependency All depends on ca-crt */ = {
			isa = PBXTargetDependency;
			target = D2D67164D2D6811E00000006 /* ca-crt */;
			targetProxy = D2D67164D2D6811E00000080 /* PBXContainerItemProxy */;
		};
		D2D67164D2D6811E0000001B /* PBXTargetDependency All depends on libmpr */ = {
			isa = PBXTargetDependency;
			target = D2D67164D2D6811E00000051 /* libmpr */;
			targetProxy = D2D67164D2D6811E00000081 /* PBXContainerItemProxy */;
		};
		D2D67164D2D6811E0000001D /* PBXTargetDependency All depends on libpcre */ = {
			isa = PBXTargetDependency;
			target = D2D67164D2D6811E00000053 /* libpcre */;
			targetProxy = D2D67164D2D6811E00000082 /* PBXContainerItemProxy */;
		};
		D2D67164D2D6811E0000001A /* PBXTargetDependency All depends on libhttp */ = {
			isa = PBXTargetDependency;
			target = D2D67164D2D6811E00000055 /* libhttp */;
			targetProxy = D2D67164D2D6811E00000083 /* PBXContainerItemProxy */;
		};
		D2D67164D2D6811E0000001E /* PBXTargetDependency All depends on libzlib */ = {
			isa = PBXTargetDependency;
			target = D2D67164D2D6811E00000057 /* libzlib */;
			targetProxy = D2D67164D2D6811E00000084 /* PBXContainerItemProxy */;
		};
		D2D67164D2D6811E00000018 /* PBXTargetDependency All depends on libejs */ = {
			isa = PBXTargetDependency;
			target = D2D67164D2D6811E00000059 /* libejs */;
			targetProxy = D2D67164D2D6811E00000085 /* PBXContainerItemProxy */;
		};
		D2D67164D2D6811E00000017 /* PBXTargetDependency All depends on ejsc */ = {
			isa = PBXTargetDependency;
			target = D2D67164D2D6811E0000005B /* ejsc */;
			targetProxy = D2D67164D2D6811E00000086 /* PBXContainerItemProxy */;
		};
		D2D67164D2D6811E00000016 /* PBXTargetDependency All depends on ejs.mod */ = {
			isa = PBXTargetDependency;
			target = D2D67164D2D6811E0000000A /* ejs.mod */;
			targetProxy = D2D67164D2D6811E00000087 /* PBXContainerItemProxy */;
		};
		D2D67164D2D6811E00000019 /* PBXTargetDependency All depends on libest */ = {
			isa = PBXTargetDependency;
			target = D2D67164D2D6811E00000089 /* libest */;
			targetProxy = D2D67164D2D6811E00000088 /* PBXContainerItemProxy */;
		};
		D2D67164D2D6811E0000001C /* PBXTargetDependency All depends on libmprssl */ = {
			isa = PBXTargetDependency;
			target = D2D67164D2D6811E0000008B /* libmprssl */;
			targetProxy = D2D67164D2D6811E0000008A /* PBXContainerItemProxy */;
		};
		D2D67164D2D6811E00000020 /* PBXTargetDependency All depends on pak.mod */ = {
			isa = PBXTargetDependency;
			target = D2D67164D2D6811E0000000F /* pak.mod */;
			targetProxy = D2D67164D2D6811E0000008C /* PBXContainerItemProxy */;
		};
		D2D67164D2D6811E0000001F /* PBXTargetDependency All depends on pak */ = {
			isa = PBXTargetDependency;
			target = D2D67164D2D6811E0000008E /* pak */;
			targetProxy = D2D67164D2D6811E0000008D /* PBXContainerItemProxy */;
		};
/* End PBXTargetDependency section */

/* Begin XCBuildConfiguration section */
		D2D67164D2D6811E00000003 /* Debug */ = {
			isa = XCBuildConfiguration;
			buildSettings = {

                /* Common Settings */
				ALWAYS_SEARCH_USER_PATHS = NO;
                ONLY_ACTIVE_ARCH = YES;
                CURRENT_PROJECT_VERSION = 0.8.2;
                DYLIB_COMPATIBILITY_VERSION = "$(CURRENT_PROJECT_VERSION)";
                DYLIB_CURRENT_VERSION = "$(CURRENT_PROJECT_VERSION)";
				GCC_C_LANGUAGE_STANDARD = gnu99;
				GCC_VERSION = com.apple.compilers.llvm.clang.1_0;
				GCC_WARN_ABOUT_RETURN_TYPE = YES;
                LD_DYLIB_INSTALL_NAME = "@rpath/$(EXECUTABLE_PATH)";
				MACOSX_DEPLOYMENT_TARGET = 10.7;
				SDKROOT = macosx;

                OUT_DIR = "../macosx-x64-default";
                BIN_DIR = "../macosx-x64-default/bin";
                LIB_DIR = "../macosx-x64-default/bin";
                INC_DIR = "../macosx-x64-default/inc";
                OBJ_DIR = "../macosx-x64-default/obj";
                SRC_DIR = "..";

                CONFIGURATION_TEMP_DIR = "$(OBJ_DIR)/tmp/$(CONFIGURATION)";
                CONFIGURATION_BUILD_DIR = "$(BIN_DIR)";
                INSTALL_PATH = "/usr/lib/pak";
                DSTROOT = "/tmp/pak.dst";
                OBJROOT = "$(OBJ_DIR)";
                SYMROOT = "$(BIN_DIR)";
				GCC_WARN_64_TO_32_ME_CONVERSION = YES;
				GCC_WARN_64_TO_32_ME_CONVERSION = YES;
				GCC_WARN_UNUSED_VARIABLE = NO;
				GCC_WARN_UNUSED_FUNCTION = NO;
				GCC_WARN_UNUSED_LABEL = NO;
				GCC_WARN_64_TO_32_ME_CONVERSION = YES;
				GCC_WARN_64_TO_32_ME_CONVERSION = YES;
				GCC_WARN_UNUSED_VARIABLE = NO;
				GCC_WARN_UNUSED_FUNCTION = NO;
				GCC_WARN_UNUSED_LABEL = NO;

                /* Debug Settings */
				COPY_PHASE_STRIP = NO;
				GCC_OPTIMIZATION_LEVEL = 0;
				GCC_SYMBOLS_PRIVATE_EXTERN = NO;
				HEADER_SEARCH_PATHS = (
					"../macosx-x64-default/inc",
					"$(inherited)"
				);
				GCC_PREPROCESSOR_DEFINITIONS = (
					"ME_DEBUG",
					"$(inherited)"
				);
				LIBRARY_SEARCH_PATHS = (
					"../macosx-x64-default/bin",
					"$(inherited)"
				);
				OTHER_LDFLAGS = (
					"-Wl,-rpath,@executable_path/",
					"-Wl,-rpath,@loader_path/",
					"-ldl",
					"-lpthread",
					"-lm",
					"$(inherited)"
				);

			};
			name = Debug;
		};
		D2D67164D2D6811E00000004 /* Release */ = {
			isa = XCBuildConfiguration;
			buildSettings = {

                /* Common Settings */
				ALWAYS_SEARCH_USER_PATHS = NO;
                ONLY_ACTIVE_ARCH = YES;
                CURRENT_PROJECT_VERSION = 0.8.2;
                DYLIB_COMPATIBILITY_VERSION = "$(CURRENT_PROJECT_VERSION)";
                DYLIB_CURRENT_VERSION = "$(CURRENT_PROJECT_VERSION)";
				GCC_C_LANGUAGE_STANDARD = gnu99;
				GCC_VERSION = com.apple.compilers.llvm.clang.1_0;
				GCC_WARN_ABOUT_RETURN_TYPE = YES;
                LD_DYLIB_INSTALL_NAME = "@rpath/$(EXECUTABLE_PATH)";
				MACOSX_DEPLOYMENT_TARGET = 10.7;
				SDKROOT = macosx;

                OUT_DIR = "../macosx-x64-default";
                BIN_DIR = "../macosx-x64-default/bin";
                LIB_DIR = "../macosx-x64-default/bin";
                INC_DIR = "../macosx-x64-default/inc";
                OBJ_DIR = "../macosx-x64-default/obj";
                SRC_DIR = "..";

                CONFIGURATION_TEMP_DIR = "$(OBJ_DIR)/tmp/$(CONFIGURATION)";
                CONFIGURATION_BUILD_DIR = "$(BIN_DIR)";
                INSTALL_PATH = "/usr/lib/pak";
                DSTROOT = "/tmp/pak.dst";
                OBJROOT = "$(OBJ_DIR)";
                SYMROOT = "$(BIN_DIR)";
				GCC_WARN_64_TO_32_ME_CONVERSION = YES;
				GCC_WARN_64_TO_32_ME_CONVERSION = YES;
				GCC_WARN_UNUSED_VARIABLE = NO;
				GCC_WARN_UNUSED_FUNCTION = NO;
				GCC_WARN_UNUSED_LABEL = NO;
				GCC_WARN_64_TO_32_ME_CONVERSION = YES;
				GCC_WARN_64_TO_32_ME_CONVERSION = YES;
				GCC_WARN_UNUSED_VARIABLE = NO;
				GCC_WARN_UNUSED_FUNCTION = NO;
				GCC_WARN_UNUSED_LABEL = NO;

                /* Release Settings */
				COPY_PHASE_STRIP = YES;
				DEBUG_INFORMATION_FORMAT = "dwarf-with-dsym";
				GCC_OPTIMIZATION_LEVEL = s;
                GCC_WARN_UNINITIALIZED_AUTOS = NO;
				HEADER_SEARCH_PATHS = (
					"../macosx-x64-default/inc",
					"$(inherited)"
				);

				LIBRARY_SEARCH_PATHS = (
					"../macosx-x64-default/bin",
					"$(inherited)"
				);
				OTHER_LDFLAGS = (
					"-Wl,-rpath,@executable_path/",
					"-Wl,-rpath,@loader_path/",
					"-ldl",
					"-lpthread",
					"-lm",
					"$(inherited)"
				);

			};
			name = Release;
		};
		D2D67164D2D6811E000000E8 /* Debug */ = {
			isa = XCBuildConfiguration;
			buildSettings = {
				PRODUCT_NAME = ca-crt;

				GCC_PREPROCESSOR_DEFINITIONS = (
					"ME_DEBUG",
					"$(inherited)"
				);
			};
			name = Debug;
		};
		D2D67164D2D6811E000000E9 /* Release */ = {
			isa = XCBuildConfiguration;
			buildSettings = {
				PRODUCT_NAME = ca-crt;


			};
			name = Release;
		};
		D2D67164D2D6811E000000EA /* Debug */ = {
			isa = XCBuildConfiguration;
			buildSettings = {
				PRODUCT_NAME = ejs.mod;

				GCC_PREPROCESSOR_DEFINITIONS = (
					"ME_DEBUG",
					"$(inherited)"
				);
			};
			name = Debug;
		};
		D2D67164D2D6811E000000EB /* Release */ = {
			isa = XCBuildConfiguration;
			buildSettings = {
				PRODUCT_NAME = ejs.mod;


			};
			name = Release;
		};
		D2D67164D2D6811E000000EC /* Debug */ = {
			isa = XCBuildConfiguration;
			buildSettings = {
				PRODUCT_NAME = ejsc;

				GCC_PREPROCESSOR_DEFINITIONS = (
					"ME_DEBUG",
					"$(inherited)"
				);
			};
			name = Debug;
		};
		D2D67164D2D6811E000000ED /* Release */ = {
			isa = XCBuildConfiguration;
			buildSettings = {
				PRODUCT_NAME = ejsc;


			};
			name = Release;
		};
		D2D67164D2D6811E000000EE /* Debug */ = {
			isa = XCBuildConfiguration;
			buildSettings = {
				PRODUCT_NAME = libejs;

				GCC_PREPROCESSOR_DEFINITIONS = (
					"ME_DEBUG",
					"$(inherited)"
				);
			};
			name = Debug;
		};
		D2D67164D2D6811E000000EF /* Release */ = {
			isa = XCBuildConfiguration;
			buildSettings = {
				PRODUCT_NAME = libejs;


			};
			name = Release;
		};
		D2D67164D2D6811E000000F0 /* Debug */ = {
			isa = XCBuildConfiguration;
			buildSettings = {
				PRODUCT_NAME = libest;

				GCC_PREPROCESSOR_DEFINITIONS = (
					"ME_DEBUG",
					"$(inherited)"
				);
			};
			name = Debug;
		};
		D2D67164D2D6811E000000F1 /* Release */ = {
			isa = XCBuildConfiguration;
			buildSettings = {
				PRODUCT_NAME = libest;


			};
			name = Release;
		};
		D2D67164D2D6811E000000F2 /* Debug */ = {
			isa = XCBuildConfiguration;
			buildSettings = {
				PRODUCT_NAME = libhttp;

				GCC_PREPROCESSOR_DEFINITIONS = (
					"ME_DEBUG",
					"$(inherited)"
				);
			};
			name = Debug;
		};
		D2D67164D2D6811E000000F3 /* Release */ = {
			isa = XCBuildConfiguration;
			buildSettings = {
				PRODUCT_NAME = libhttp;


			};
			name = Release;
		};
		D2D67164D2D6811E000000F4 /* Debug */ = {
			isa = XCBuildConfiguration;
			buildSettings = {
				PRODUCT_NAME = libmpr;

				GCC_PREPROCESSOR_DEFINITIONS = (
					"ME_DEBUG",
					"$(inherited)"
				);
			};
			name = Debug;
		};
		D2D67164D2D6811E000000F5 /* Release */ = {
			isa = XCBuildConfiguration;
			buildSettings = {
				PRODUCT_NAME = libmpr;


			};
			name = Release;
		};
		D2D67164D2D6811E000000F6 /* Debug */ = {
			isa = XCBuildConfiguration;
			buildSettings = {
				PRODUCT_NAME = libmprssl;

				GCC_PREPROCESSOR_DEFINITIONS = (
					"ME_DEBUG",
					"$(inherited)"
				);
			};
			name = Debug;
		};
		D2D67164D2D6811E000000F7 /* Release */ = {
			isa = XCBuildConfiguration;
			buildSettings = {
				PRODUCT_NAME = libmprssl;


			};
			name = Release;
		};
		D2D67164D2D6811E000000F8 /* Debug */ = {
			isa = XCBuildConfiguration;
			buildSettings = {
				PRODUCT_NAME = libpcre;

				GCC_PREPROCESSOR_DEFINITIONS = (
					"PCRE_CHAR=char",
					"ME_DEBUG",
					"$(inherited)"
				);
			};
			name = Debug;
		};
		D2D67164D2D6811E000000F9 /* Release */ = {
			isa = XCBuildConfiguration;
			buildSettings = {
				PRODUCT_NAME = libpcre;

				GCC_PREPROCESSOR_DEFINITIONS = (
					"PCRE_CHAR=char",
					"$(inherited)"
				);
			};
			name = Release;
		};
		D2D67164D2D6811E000000FA /* Debug */ = {
			isa = XCBuildConfiguration;
			buildSettings = {
				PRODUCT_NAME = libzlib;

				GCC_PREPROCESSOR_DEFINITIONS = (
					"ME_DEBUG",
					"$(inherited)"
				);
			};
			name = Debug;
		};
		D2D67164D2D6811E000000FB /* Release */ = {
			isa = XCBuildConfiguration;
			buildSettings = {
				PRODUCT_NAME = libzlib;


			};
			name = Release;
		};
		D2D67164D2D6811E000000FC /* Debug */ = {
			isa = XCBuildConfiguration;
			buildSettings = {
				PRODUCT_NAME = pak;

				GCC_PREPROCESSOR_DEFINITIONS = (
					"ME_DEBUG",
					"$(inherited)"
				);
			};
			name = Debug;
		};
		D2D67164D2D6811E000000FD /* Release */ = {
			isa = XCBuildConfiguration;
			buildSettings = {
				PRODUCT_NAME = pak;


			};
			name = Release;
		};
		D2D67164D2D6811E000000FE /* Debug */ = {
			isa = XCBuildConfiguration;
			buildSettings = {
				PRODUCT_NAME = pak.mod;

				GCC_PREPROCESSOR_DEFINITIONS = (
					"ME_DEBUG",
					"$(inherited)"
				);
			};
			name = Debug;
		};
		D2D67164D2D6811E000000FF /* Release */ = {
			isa = XCBuildConfiguration;
			buildSettings = {
				PRODUCT_NAME = pak.mod;


			};
			name = Release;
		};
		D2D67164D2D6811E00000100 /* Debug */ = {
			isa = XCBuildConfiguration;
			buildSettings = {
				PRODUCT_NAME = All;

				GCC_PREPROCESSOR_DEFINITIONS = (
					"ME_DEBUG",
					"$(inherited)"
				);
			};
			name = Debug;
		};
		D2D67164D2D6811E00000101 /* Release */ = {
			isa = XCBuildConfiguration;
			buildSettings = {
				PRODUCT_NAME = All;


			};
			name = Release;
		};
		D2D67164D2D6811E00000102 /* Debug */ = {
			isa = XCBuildConfiguration;
			buildSettings = {
				PRODUCT_NAME = Prep;

				GCC_PREPROCESSOR_DEFINITIONS = (
					"ME_DEBUG",
					"$(inherited)"
				);
			};
			name = Debug;
		};
		D2D67164D2D6811E00000103 /* Release */ = {
			isa = XCBuildConfiguration;
			buildSettings = {
				PRODUCT_NAME = Prep;


			};
			name = Release;
		};
/* End XCBuildConfiguration section */

/* Begin XCConfigurationList section */
		D2D67164D2D6811E00000002 /* Build configuration list for PBXProject "pak" */ = {
			isa = XCConfigurationList;
			buildConfigurations = (
				D2D67164D2D6811E00000003 /* Debug */,
				D2D67164D2D6811E00000004 /* Release */,
			);
			defaultConfigurationIsVisible = 0;
			defaultConfigurationName = Release;
		};
		D2D67164D2D6811E00000005 /* Build configuration list for PBXNativeTarget "ca-crt" */ = {
			isa = XCConfigurationList;
			buildConfigurations = (
				D2D67164D2D6811E000000E8 /* Debug */,
				D2D67164D2D6811E000000E9 /* Release */,
			);
			defaultConfigurationIsVisible = 0;
			defaultConfigurationName = Release;
		};
		D2D67164D2D6811E00000009 /* Build configuration list for PBXNativeTarget "ejs.mod" */ = {
			isa = XCConfigurationList;
			buildConfigurations = (
				D2D67164D2D6811E000000EA /* Debug */,
				D2D67164D2D6811E000000EB /* Release */,
			);
			defaultConfigurationIsVisible = 0;
			defaultConfigurationName = Release;
		};
		D2D67164D2D6811E000000B0 /* Build configuration list for PBXNativeTarget "ejsc" */ = {
			isa = XCConfigurationList;
			buildConfigurations = (
				D2D67164D2D6811E000000EC /* Debug */,
				D2D67164D2D6811E000000ED /* Release */,
			);
			defaultConfigurationIsVisible = 0;
			defaultConfigurationName = Release;
		};
		D2D67164D2D6811E000000B8 /* Build configuration list for PBXNativeTarget "libejs" */ = {
			isa = XCConfigurationList;
			buildConfigurations = (
				D2D67164D2D6811E000000EE /* Debug */,
				D2D67164D2D6811E000000EF /* Release */,
			);
			defaultConfigurationIsVisible = 0;
			defaultConfigurationName = Release;
		};
		D2D67164D2D6811E000000BF /* Build configuration list for PBXNativeTarget "libest" */ = {
			isa = XCConfigurationList;
			buildConfigurations = (
				D2D67164D2D6811E000000F0 /* Debug */,
				D2D67164D2D6811E000000F1 /* Release */,
			);
			defaultConfigurationIsVisible = 0;
			defaultConfigurationName = Release;
		};
		D2D67164D2D6811E000000C2 /* Build configuration list for PBXNativeTarget "libhttp" */ = {
			isa = XCConfigurationList;
			buildConfigurations = (
				D2D67164D2D6811E000000F2 /* Debug */,
				D2D67164D2D6811E000000F3 /* Release */,
			);
			defaultConfigurationIsVisible = 0;
			defaultConfigurationName = Release;
		};
		D2D67164D2D6811E000000C7 /* Build configuration list for PBXNativeTarget "libmpr" */ = {
			isa = XCConfigurationList;
			buildConfigurations = (
				D2D67164D2D6811E000000F4 /* Debug */,
				D2D67164D2D6811E000000F5 /* Release */,
			);
			defaultConfigurationIsVisible = 0;
			defaultConfigurationName = Release;
		};
		D2D67164D2D6811E000000CA /* Build configuration list for PBXNativeTarget "libmprssl" */ = {
			isa = XCConfigurationList;
			buildConfigurations = (
				D2D67164D2D6811E000000F6 /* Debug */,
				D2D67164D2D6811E000000F7 /* Release */,
			);
			defaultConfigurationIsVisible = 0;
			defaultConfigurationName = Release;
		};
		D2D67164D2D6811E000000CE /* Build configuration list for PBXNativeTarget "libpcre" */ = {
			isa = XCConfigurationList;
			buildConfigurations = (
				D2D67164D2D6811E000000F8 /* Debug */,
				D2D67164D2D6811E000000F9 /* Release */,
			);
			defaultConfigurationIsVisible = 0;
			defaultConfigurationName = Release;
		};
		D2D67164D2D6811E000000D1 /* Build configuration list for PBXNativeTarget "libzlib" */ = {
			isa = XCConfigurationList;
			buildConfigurations = (
				D2D67164D2D6811E000000FA /* Debug */,
				D2D67164D2D6811E000000FB /* Release */,
			);
			defaultConfigurationIsVisible = 0;
			defaultConfigurationName = Release;
		};
		D2D67164D2D6811E000000D4 /* Build configuration list for PBXNativeTarget "pak" */ = {
			isa = XCConfigurationList;
			buildConfigurations = (
				D2D67164D2D6811E000000FC /* Debug */,
				D2D67164D2D6811E000000FD /* Release */,
			);
			defaultConfigurationIsVisible = 0;
			defaultConfigurationName = Release;
		};
		D2D67164D2D6811E0000000E /* Build configuration list for PBXNativeTarget "pak.mod" */ = {
			isa = XCConfigurationList;
			buildConfigurations = (
				D2D67164D2D6811E000000FE /* Debug */,
				D2D67164D2D6811E000000FF /* Release */,
			);
			defaultConfigurationIsVisible = 0;
			defaultConfigurationName = Release;
		};
		D2D67164D2D6811E00000013 /* Build configuration list for PBXNativeTarget "All" */ = {
			isa = XCConfigurationList;
			buildConfigurations = (
				D2D67164D2D6811E00000100 /* Debug */,
				D2D67164D2D6811E00000101 /* Release */,
			);
			defaultConfigurationIsVisible = 0;
			defaultConfigurationName = Release;
		};
		D2D67164D2D6811E00000021 /* Build configuration list for PBXNativeTarget "Prep" */ = {
			isa = XCConfigurationList;
			buildConfigurations = (
				D2D67164D2D6811E00000102 /* Debug */,
				D2D67164D2D6811E00000103 /* Release */,
			);
			defaultConfigurationIsVisible = 0;
			defaultConfigurationName = Release;
		};
/* End XCConfigurationList section */
	};
	rootObject = D2D67164D2D6811E00000001 /* Project object */;
}
